// !$*UTF8*$!
{
	archiveVersion = 1;
	classes = {
	};
	objectVersion = 46;
	objects = {

/* Begin PBXBuildFile section */
		813146821ABF8E5C002CBD2E /* Spotify.framework in Frameworks */ = {isa = PBXBuildFile; fileRef = 813146811ABF8E5C002CBD2E /* Spotify.framework */; };
		813146841ABFD214002CBD2E /* Playlist.m in Sources */ = {isa = PBXBuildFile; fileRef = 813146831ABFD214002CBD2E /* Playlist.m */; };
		813146881AC0572B002CBD2E /* PlayerViewController.m in Sources */ = {isa = PBXBuildFile; fileRef = 813146871AC0572B002CBD2E /* PlayerViewController.m */; };
		813DF7A31ABE1EC30057D655 /* main.m in Sources */ = {isa = PBXBuildFile; fileRef = 813DF7A21ABE1EC30057D655 /* main.m */; };
		813DF7A61ABE1EC30057D655 /* AppDelegate.m in Sources */ = {isa = PBXBuildFile; fileRef = 813DF7A51ABE1EC30057D655 /* AppDelegate.m */; };
		813DF7A91ABE1EC30057D655 /* ViewController.m in Sources */ = {isa = PBXBuildFile; fileRef = 813DF7A81ABE1EC30057D655 /* ViewController.m */; };
		813DF7AC1ABE1EC30057D655 /* Main.storyboard in Resources */ = {isa = PBXBuildFile; fileRef = 813DF7AA1ABE1EC30057D655 /* Main.storyboard */; };
		813DF7AE1ABE1EC30057D655 /* Images.xcassets in Resources */ = {isa = PBXBuildFile; fileRef = 813DF7AD1ABE1EC30057D655 /* Images.xcassets */; };
		813DF7B11ABE1EC30057D655 /* LaunchScreen.xib in Resources */ = {isa = PBXBuildFile; fileRef = 813DF7AF1ABE1EC30057D655 /* LaunchScreen.xib */; };
		813DF7BD1ABE1EC30057D655 /* QueueUpTests.m in Sources */ = {isa = PBXBuildFile; fileRef = 813DF7BC1ABE1EC30057D655 /* QueueUpTests.m */; };
		818ACD051ABF7C8A00E9C866 /* AVFoundation.framework in Frameworks */ = {isa = PBXBuildFile; fileRef = 818ACD041ABF7C8A00E9C866 /* AVFoundation.framework */; };
		81B58C491AD1D3E900AA1688 /* logo.png in Resources */ = {isa = PBXBuildFile; fileRef = 81B58C481AD1D3E900AA1688 /* logo.png */; };
		C447C89C09E2B19E4ADE193F /* libPods.a in Frameworks */ = {isa = PBXBuildFile; fileRef = 002EC3677A21B62D72379479 /* libPods.a */; };
/* End PBXBuildFile section */

/* Begin PBXContainerItemProxy section */
		813DF7B71ABE1EC30057D655 /* PBXContainerItemProxy */ = {
			isa = PBXContainerItemProxy;
			containerPortal = 813DF7951ABE1EC30057D655 /* Project object */;
			proxyType = 1;
			remoteGlobalIDString = 813DF79C1ABE1EC30057D655;
			remoteInfo = QueueUp;
		};
/* End PBXContainerItemProxy section */

/* Begin PBXFileReference section */
		002EC3677A21B62D72379479 /* libPods.a */ = {isa = PBXFileReference; explicitFileType = archive.ar; includeInIndex = 0; path = libPods.a; sourceTree = BUILT_PRODUCTS_DIR; };
		0547A9CC784B87D2C8D7C56D /* Pods.debug.xcconfig */ = {isa = PBXFileReference; includeInIndex = 1; lastKnownFileType = text.xcconfig; name = Pods.debug.xcconfig; path = "Pods/Target Support Files/Pods/Pods.debug.xcconfig"; sourceTree = "<group>"; };
		39C26FC7DC65F8A620FCEF5F /* Pods.release.xcconfig */ = {isa = PBXFileReference; includeInIndex = 1; lastKnownFileType = text.xcconfig; name = Pods.release.xcconfig; path = "Pods/Target Support Files/Pods/Pods.release.xcconfig"; sourceTree = "<group>"; };
		813146811ABF8E5C002CBD2E /* Spotify.framework */ = {isa = PBXFileReference; lastKnownFileType = wrapper.framework; path = Spotify.framework; sourceTree = "<group>"; };
		813146831ABFD214002CBD2E /* Playlist.m */ = {isa = PBXFileReference; fileEncoding = 4; lastKnownFileType = sourcecode.c.objc; path = Playlist.m; sourceTree = "<group>"; };
		813146851ABFD4D8002CBD2E /* Playlist.h */ = {isa = PBXFileReference; fileEncoding = 4; lastKnownFileType = sourcecode.c.h; path = Playlist.h; sourceTree = "<group>"; };
		813146861AC0572B002CBD2E /* PlayerViewController.h */ = {isa = PBXFileReference; fileEncoding = 4; lastKnownFileType = sourcecode.c.h; path = PlayerViewController.h; sourceTree = "<group>"; };
		813146871AC0572B002CBD2E /* PlayerViewController.m */ = {isa = PBXFileReference; fileEncoding = 4; lastKnownFileType = sourcecode.c.objc; path = PlayerViewController.m; sourceTree = "<group>"; };
		813DF79D1ABE1EC30057D655 /* QueueUp.app */ = {isa = PBXFileReference; explicitFileType = wrapper.application; includeInIndex = 0; path = QueueUp.app; sourceTree = BUILT_PRODUCTS_DIR; };
		813DF7A11ABE1EC30057D655 /* Info.plist */ = {isa = PBXFileReference; lastKnownFileType = text.plist.xml; path = Info.plist; sourceTree = "<group>"; };
		813DF7A21ABE1EC30057D655 /* main.m */ = {isa = PBXFileReference; lastKnownFileType = sourcecode.c.objc; path = main.m; sourceTree = "<group>"; };
		813DF7A41ABE1EC30057D655 /* AppDelegate.h */ = {isa = PBXFileReference; lastKnownFileType = sourcecode.c.h; path = AppDelegate.h; sourceTree = "<group>"; };
		813DF7A51ABE1EC30057D655 /* AppDelegate.m */ = {isa = PBXFileReference; lastKnownFileType = sourcecode.c.objc; path = AppDelegate.m; sourceTree = "<group>"; };
		813DF7A71ABE1EC30057D655 /* ViewController.h */ = {isa = PBXFileReference; lastKnownFileType = sourcecode.c.h; path = ViewController.h; sourceTree = "<group>"; };
		813DF7A81ABE1EC30057D655 /* ViewController.m */ = {isa = PBXFileReference; lastKnownFileType = sourcecode.c.objc; path = ViewController.m; sourceTree = "<group>"; };
		813DF7AB1ABE1EC30057D655 /* Base */ = {isa = PBXFileReference; lastKnownFileType = file.storyboard; name = Base; path = Base.lproj/Main.storyboard; sourceTree = "<group>"; };
		813DF7AD1ABE1EC30057D655 /* Images.xcassets */ = {isa = PBXFileReference; lastKnownFileType = folder.assetcatalog; path = Images.xcassets; sourceTree = "<group>"; };
		813DF7B01ABE1EC30057D655 /* Base */ = {isa = PBXFileReference; lastKnownFileType = file.xib; name = Base; path = Base.lproj/LaunchScreen.xib; sourceTree = "<group>"; };
		813DF7B61ABE1EC30057D655 /* QueueUpTests.xctest */ = {isa = PBXFileReference; explicitFileType = wrapper.cfbundle; includeInIndex = 0; path = QueueUpTests.xctest; sourceTree = BUILT_PRODUCTS_DIR; };
		813DF7BB1ABE1EC30057D655 /* Info.plist */ = {isa = PBXFileReference; lastKnownFileType = text.plist.xml; path = Info.plist; sourceTree = "<group>"; };
		813DF7BC1ABE1EC30057D655 /* QueueUpTests.m */ = {isa = PBXFileReference; lastKnownFileType = sourcecode.c.objc; path = QueueUpTests.m; sourceTree = "<group>"; };
		818ACD041ABF7C8A00E9C866 /* AVFoundation.framework */ = {isa = PBXFileReference; lastKnownFileType = wrapper.framework; name = AVFoundation.framework; path = System/Library/Frameworks/AVFoundation.framework; sourceTree = SDKROOT; };
		81B58C481AD1D3E900AA1688 /* logo.png */ = {isa = PBXFileReference; lastKnownFileType = image.png; name = logo.png; path = ../logo.png; sourceTree = "<group>"; };
/* End PBXFileReference section */

/* Begin PBXFrameworksBuildPhase section */
		813DF79A1ABE1EC30057D655 /* Frameworks */ = {
			isa = PBXFrameworksBuildPhase;
			buildActionMask = 2147483647;
			files = (
				818ACD051ABF7C8A00E9C866 /* AVFoundation.framework in Frameworks */,
				813146821ABF8E5C002CBD2E /* Spotify.framework in Frameworks */,
				C447C89C09E2B19E4ADE193F /* libPods.a in Frameworks */,
			);
			runOnlyForDeploymentPostprocessing = 0;
		};
		813DF7B31ABE1EC30057D655 /* Frameworks */ = {
			isa = PBXFrameworksBuildPhase;
			buildActionMask = 2147483647;
			files = (
			);
			runOnlyForDeploymentPostprocessing = 0;
		};
/* End PBXFrameworksBuildPhase section */

/* Begin PBXGroup section */
		3AC6F9847CB79E0AB20A5B7C /* Frameworks */ = {
			isa = PBXGroup;
			children = (
				813146811ABF8E5C002CBD2E /* Spotify.framework */,
				818ACD041ABF7C8A00E9C866 /* AVFoundation.framework */,
				002EC3677A21B62D72379479 /* libPods.a */,
			);
			name = Frameworks;
			sourceTree = "<group>";
		};
		7F6F15B4ECA184F1BEE0466D /* Pods */ = {
			isa = PBXGroup;
			children = (
				0547A9CC784B87D2C8D7C56D /* Pods.debug.xcconfig */,
				39C26FC7DC65F8A620FCEF5F /* Pods.release.xcconfig */,
			);
			name = Pods;
			sourceTree = "<group>";
		};
		813DF7941ABE1EC30057D655 = {
			isa = PBXGroup;
			children = (
				813DF79F1ABE1EC30057D655 /* QueueUp */,
				813DF7B91ABE1EC30057D655 /* QueueUpTests */,
				813DF79E1ABE1EC30057D655 /* Products */,
				7F6F15B4ECA184F1BEE0466D /* Pods */,
				3AC6F9847CB79E0AB20A5B7C /* Frameworks */,
			);
			sourceTree = "<group>";
		};
		813DF79E1ABE1EC30057D655 /* Products */ = {
			isa = PBXGroup;
			children = (
				813DF79D1ABE1EC30057D655 /* QueueUp.app */,
				813DF7B61ABE1EC30057D655 /* QueueUpTests.xctest */,
			);
			name = Products;
			sourceTree = "<group>";
		};
		813DF79F1ABE1EC30057D655 /* QueueUp */ = {
			isa = PBXGroup;
			children = (
				813DF7A41ABE1EC30057D655 /* AppDelegate.h */,
				813DF7A51ABE1EC30057D655 /* AppDelegate.m */,
				813DF7A71ABE1EC30057D655 /* ViewController.h */,
				813DF7A81ABE1EC30057D655 /* ViewController.m */,
				813146851ABFD4D8002CBD2E /* Playlist.h */,
				813146831ABFD214002CBD2E /* Playlist.m */,
				813146861AC0572B002CBD2E /* PlayerViewController.h */,
				813146871AC0572B002CBD2E /* PlayerViewController.m */,
				813DF7AA1ABE1EC30057D655 /* Main.storyboard */,
				813DF7AD1ABE1EC30057D655 /* Images.xcassets */,
				813DF7AF1ABE1EC30057D655 /* LaunchScreen.xib */,
				813DF7A01ABE1EC30057D655 /* Supporting Files */,
			);
			path = QueueUp;
			sourceTree = "<group>";
		};
		813DF7A01ABE1EC30057D655 /* Supporting Files */ = {
			isa = PBXGroup;
			children = (
				81B58C481AD1D3E900AA1688 /* logo.png */,
				813DF7A11ABE1EC30057D655 /* Info.plist */,
				813DF7A21ABE1EC30057D655 /* main.m */,
			);
			name = "Supporting Files";
			sourceTree = "<group>";
		};
		813DF7B91ABE1EC30057D655 /* QueueUpTests */ = {
			isa = PBXGroup;
			children = (
				813DF7BC1ABE1EC30057D655 /* QueueUpTests.m */,
				813DF7BA1ABE1EC30057D655 /* Supporting Files */,
			);
			path = QueueUpTests;
			sourceTree = "<group>";
		};
		813DF7BA1ABE1EC30057D655 /* Supporting Files */ = {
			isa = PBXGroup;
			children = (
				813DF7BB1ABE1EC30057D655 /* Info.plist */,
			);
			name = "Supporting Files";
			sourceTree = "<group>";
		};
/* End PBXGroup section */

/* Begin PBXNativeTarget section */
		813DF79C1ABE1EC30057D655 /* QueueUp */ = {
			isa = PBXNativeTarget;
			buildConfigurationList = 813DF7C01ABE1EC30057D655 /* Build configuration list for PBXNativeTarget "QueueUp" */;
			buildPhases = (
				0B2C5CAD94F776E30EC69540 /* Check Pods Manifest.lock */,
				813DF7991ABE1EC30057D655 /* Sources */,
				813DF79A1ABE1EC30057D655 /* Frameworks */,
				813DF79B1ABE1EC30057D655 /* Resources */,
				3EF0D1AED4B7F299A49048BD /* Copy Pods Resources */,
			);
			buildRules = (
			);
			dependencies = (
			);
			name = QueueUp;
			productName = QueueUp;
			productReference = 813DF79D1ABE1EC30057D655 /* QueueUp.app */;
			productType = "com.apple.product-type.application";
		};
		813DF7B51ABE1EC30057D655 /* QueueUpTests */ = {
			isa = PBXNativeTarget;
			buildConfigurationList = 813DF7C31ABE1EC30057D655 /* Build configuration list for PBXNativeTarget "QueueUpTests" */;
			buildPhases = (
				813DF7B21ABE1EC30057D655 /* Sources */,
				813DF7B31ABE1EC30057D655 /* Frameworks */,
				813DF7B41ABE1EC30057D655 /* Resources */,
			);
			buildRules = (
			);
			dependencies = (
				813DF7B81ABE1EC30057D655 /* PBXTargetDependency */,
			);
			name = QueueUpTests;
			productName = QueueUpTests;
			productReference = 813DF7B61ABE1EC30057D655 /* QueueUpTests.xctest */;
			productType = "com.apple.product-type.bundle.unit-test";
		};
/* End PBXNativeTarget section */

/* Begin PBXProject section */
		813DF7951ABE1EC30057D655 /* Project object */ = {
			isa = PBXProject;
			attributes = {
				LastUpgradeCheck = 0620;
				ORGANIZATIONNAME = com.reynoldsJay;
				TargetAttributes = {
					813DF79C1ABE1EC30057D655 = {
						CreatedOnToolsVersion = 6.2;
						DevelopmentTeam = W8H925WLKF;
					};
					813DF7B51ABE1EC30057D655 = {
						CreatedOnToolsVersion = 6.2;
						TestTargetID = 813DF79C1ABE1EC30057D655;
					};
				};
			};
			buildConfigurationList = 813DF7981ABE1EC30057D655 /* Build configuration list for PBXProject "QueueUp" */;
			compatibilityVersion = "Xcode 3.2";
			developmentRegion = English;
			hasScannedForEncodings = 0;
			knownRegions = (
				en,
				Base,
			);
			mainGroup = 813DF7941ABE1EC30057D655;
			productRefGroup = 813DF79E1ABE1EC30057D655 /* Products */;
			projectDirPath = "";
			projectRoot = "";
			targets = (
				813DF79C1ABE1EC30057D655 /* QueueUp */,
				813DF7B51ABE1EC30057D655 /* QueueUpTests */,
			);
		};
/* End PBXProject section */

/* Begin PBXResourcesBuildPhase section */
		813DF79B1ABE1EC30057D655 /* Resources */ = {
			isa = PBXResourcesBuildPhase;
			buildActionMask = 2147483647;
			files = (
				81B58C491AD1D3E900AA1688 /* logo.png in Resources */,
				813DF7AC1ABE1EC30057D655 /* Main.storyboard in Resources */,
				813DF7B11ABE1EC30057D655 /* LaunchScreen.xib in Resources */,
				813DF7AE1ABE1EC30057D655 /* Images.xcassets in Resources */,
			);
			runOnlyForDeploymentPostprocessing = 0;
		};
		813DF7B41ABE1EC30057D655 /* Resources */ = {
			isa = PBXResourcesBuildPhase;
			buildActionMask = 2147483647;
			files = (
			);
			runOnlyForDeploymentPostprocessing = 0;
		};
/* End PBXResourcesBuildPhase section */

/* Begin PBXShellScriptBuildPhase section */
		0B2C5CAD94F776E30EC69540 /* Check Pods Manifest.lock */ = {
			isa = PBXShellScriptBuildPhase;
			buildActionMask = 2147483647;
			files = (
			);
			inputPaths = (
			);
			name = "Check Pods Manifest.lock";
			outputPaths = (
			);
			runOnlyForDeploymentPostprocessing = 0;
			shellPath = /bin/sh;
			shellScript = "diff \"${PODS_ROOT}/../Podfile.lock\" \"${PODS_ROOT}/Manifest.lock\" > /dev/null\nif [[ $? != 0 ]] ; then\n    cat << EOM\nerror: The sandbox is not in sync with the Podfile.lock. Run 'pod install' or update your CocoaPods installation.\nEOM\n    exit 1\nfi\n";
			showEnvVarsInLog = 0;
		};
		3EF0D1AED4B7F299A49048BD /* Copy Pods Resources */ = {
			isa = PBXShellScriptBuildPhase;
			buildActionMask = 2147483647;
			files = (
			);
			inputPaths = (
			);
			name = "Copy Pods Resources";
			outputPaths = (
			);
			runOnlyForDeploymentPostprocessing = 0;
			shellPath = /bin/sh;
			shellScript = "\"${SRCROOT}/Pods/Target Support Files/Pods/Pods-resources.sh\"\n";
			showEnvVarsInLog = 0;
		};
/* End PBXShellScriptBuildPhase section */

/* Begin PBXSourcesBuildPhase section */
		813DF7991ABE1EC30057D655 /* Sources */ = {
			isa = PBXSourcesBuildPhase;
			buildActionMask = 2147483647;
			files = (
				813DF7A91ABE1EC30057D655 /* ViewController.m in Sources */,
				813DF7A61ABE1EC30057D655 /* AppDelegate.m in Sources */,
				813DF7A31ABE1EC30057D655 /* main.m in Sources */,
				813146841ABFD214002CBD2E /* Playlist.m in Sources */,
				813146881AC0572B002CBD2E /* PlayerViewController.m in Sources */,
			);
			runOnlyForDeploymentPostprocessing = 0;
		};
		813DF7B21ABE1EC30057D655 /* Sources */ = {
			isa = PBXSourcesBuildPhase;
			buildActionMask = 2147483647;
			files = (
				813DF7BD1ABE1EC30057D655 /* QueueUpTests.m in Sources */,
			);
			runOnlyForDeploymentPostprocessing = 0;
		};
/* End PBXSourcesBuildPhase section */

/* Begin PBXTargetDependency section */
		813DF7B81ABE1EC30057D655 /* PBXTargetDependency */ = {
			isa = PBXTargetDependency;
			target = 813DF79C1ABE1EC30057D655 /* QueueUp */;
			targetProxy = 813DF7B71ABE1EC30057D655 /* PBXContainerItemProxy */;
		};
/* End PBXTargetDependency section */

/* Begin PBXVariantGroup section */
		813DF7AA1ABE1EC30057D655 /* Main.storyboard */ = {
			isa = PBXVariantGroup;
			children = (
				813DF7AB1ABE1EC30057D655 /* Base */,
			);
			name = Main.storyboard;
			sourceTree = "<group>";
		};
		813DF7AF1ABE1EC30057D655 /* LaunchScreen.xib */ = {
			isa = PBXVariantGroup;
			children = (
				813DF7B01ABE1EC30057D655 /* Base */,
			);
			name = LaunchScreen.xib;
			sourceTree = "<group>";
		};
/* End PBXVariantGroup section */

/* Begin XCBuildConfiguration section */
		813DF7BE1ABE1EC30057D655 /* Debug */ = {
			isa = XCBuildConfiguration;
			buildSettings = {
				ALWAYS_SEARCH_USER_PATHS = NO;
				CLANG_CXX_LANGUAGE_STANDARD = "gnu++0x";
				CLANG_CXX_LIBRARY = "libc++";
				CLANG_ENABLE_MODULES = YES;
				CLANG_ENABLE_OBJC_ARC = YES;
				CLANG_WARN_BOOL_CONVERSION = YES;
				CLANG_WARN_CONSTANT_CONVERSION = YES;
				CLANG_WARN_DIRECT_OBJC_ISA_USAGE = YES_ERROR;
				CLANG_WARN_EMPTY_BODY = YES;
				CLANG_WARN_ENUM_CONVERSION = YES;
				CLANG_WARN_INT_CONVERSION = YES;
				CLANG_WARN_OBJC_ROOT_CLASS = YES_ERROR;
				CLANG_WARN_UNREACHABLE_CODE = YES;
				CLANG_WARN__DUPLICATE_METHOD_MATCH = YES;
				"CODE_SIGN_IDENTITY[sdk=iphoneos*]" = "iPhone Developer";
				COPY_PHASE_STRIP = NO;
				ENABLE_STRICT_OBJC_MSGSEND = YES;
				GCC_C_LANGUAGE_STANDARD = gnu99;
				GCC_DYNAMIC_NO_PIC = NO;
				GCC_OPTIMIZATION_LEVEL = 0;
				GCC_PREPROCESSOR_DEFINITIONS = (
					"DEBUG=1",
					"$(inherited)",
				);
				GCC_SYMBOLS_PRIVATE_EXTERN = NO;
				GCC_WARN_64_TO_32_BIT_CONVERSION = YES;
				GCC_WARN_ABOUT_RETURN_TYPE = YES_ERROR;
				GCC_WARN_UNDECLARED_SELECTOR = YES;
				GCC_WARN_UNINITIALIZED_AUTOS = YES_AGGRESSIVE;
				GCC_WARN_UNUSED_FUNCTION = YES;
				GCC_WARN_UNUSED_VARIABLE = YES;
				IPHONEOS_DEPLOYMENT_TARGET = 8.2;
				MTL_ENABLE_DEBUG_INFO = YES;
				ONLY_ACTIVE_ARCH = YES;
				SDKROOT = iphoneos;
			};
			name = Debug;
		};
		813DF7BF1ABE1EC30057D655 /* Release */ = {
			isa = XCBuildConfiguration;
			buildSettings = {
				ALWAYS_SEARCH_USER_PATHS = NO;
				CLANG_CXX_LANGUAGE_STANDARD = "gnu++0x";
				CLANG_CXX_LIBRARY = "libc++";
				CLANG_ENABLE_MODULES = YES;
				CLANG_ENABLE_OBJC_ARC = YES;
				CLANG_WARN_BOOL_CONVERSION = YES;
				CLANG_WARN_CONSTANT_CONVERSION = YES;
				CLANG_WARN_DIRECT_OBJC_ISA_USAGE = YES_ERROR;
				CLANG_WARN_EMPTY_BODY = YES;
				CLANG_WARN_ENUM_CONVERSION = YES;
				CLANG_WARN_INT_CONVERSION = YES;
				CLANG_WARN_OBJC_ROOT_CLASS = YES_ERROR;
				CLANG_WARN_UNREACHABLE_CODE = YES;
				CLANG_WARN__DUPLICATE_METHOD_MATCH = YES;
				"CODE_SIGN_IDENTITY[sdk=iphoneos*]" = "iPhone Developer";
				COPY_PHASE_STRIP = NO;
				ENABLE_NS_ASSERTIONS = NO;
				ENABLE_STRICT_OBJC_MSGSEND = YES;
				GCC_C_LANGUAGE_STANDARD = gnu99;
				GCC_WARN_64_TO_32_BIT_CONVERSION = YES;
				GCC_WARN_ABOUT_RETURN_TYPE = YES_ERROR;
				GCC_WARN_UNDECLARED_SELECTOR = YES;
				GCC_WARN_UNINITIALIZED_AUTOS = YES_AGGRESSIVE;
				GCC_WARN_UNUSED_FUNCTION = YES;
				GCC_WARN_UNUSED_VARIABLE = YES;
				IPHONEOS_DEPLOYMENT_TARGET = 8.2;
				MTL_ENABLE_DEBUG_INFO = NO;
				SDKROOT = iphoneos;
				VALIDATE_PRODUCT = YES;
			};
			name = Release;
		};
		813DF7C11ABE1EC30057D655 /* Debug */ = {
			isa = XCBuildConfiguration;
			baseConfigurationReference = 0547A9CC784B87D2C8D7C56D /* Pods.debug.xcconfig */;
			buildSettings = {
				ASSETCATALOG_COMPILER_APPICON_NAME = AppIcon;
				ASSETCATALOG_COMPILER_LAUNCHIMAGE_NAME = LaunchImage;
				CODE_SIGN_IDENTITY = "iPhone Developer";
				FRAMEWORK_SEARCH_PATHS = (
					"$(inherited)",
					"$(PROJECT_DIR)",
				);
				INFOPLIST_FILE = QueueUp/Info.plist;
				IPHONEOS_DEPLOYMENT_TARGET = 8.1;
				LD_RUNPATH_SEARCH_PATHS = "$(inherited) @executable_path/Frameworks";
				PRODUCT_NAME = "$(TARGET_NAME)";
			};
			name = Debug;
		};
		813DF7C21ABE1EC30057D655 /* Release */ = {
			isa = XCBuildConfiguration;
			baseConfigurationReference = 39C26FC7DC65F8A620FCEF5F /* Pods.release.xcconfig */;
			buildSettings = {
				ASSETCATALOG_COMPILER_APPICON_NAME = AppIcon;
				ASSETCATALOG_COMPILER_LAUNCHIMAGE_NAME = LaunchImage;
				CODE_SIGN_IDENTITY = "iPhone Developer";
				FRAMEWORK_SEARCH_PATHS = (
					"$(inherited)",
					"$(PROJECT_DIR)",
				);
				INFOPLIST_FILE = QueueUp/Info.plist;
				IPHONEOS_DEPLOYMENT_TARGET = 8.1;
				LD_RUNPATH_SEARCH_PATHS = "$(inherited) @executable_path/Frameworks";
				PRODUCT_NAME = "$(TARGET_NAME)";
			};
			name = Release;
		};
		813DF7C41ABE1EC30057D655 /* Debug */ = {
			isa = XCBuildConfiguration;
			buildSettings = {
				BUNDLE_LOADER = "$(TEST_HOST)";
				FRAMEWORK_SEARCH_PATHS = (
					"$(SDKROOT)/Developer/Library/Frameworks",
					"$(inherited)",
				);
				GCC_PREPROCESSOR_DEFINITIONS = (
					"DEBUG=1",
					"$(inherited)",
				);
				INFOPLIST_FILE = QueueUpTests/Info.plist;
				LD_RUNPATH_SEARCH_PATHS = "$(inherited) @executable_path/Frameworks @loader_path/Frameworks";
				PRODUCT_NAME = "$(TARGET_NAME)";
				TEST_HOST = "$(BUILT_PRODUCTS_DIR)/QueueUp.app/QueueUp";
			};
			name = Debug;
		};
		813DF7C51ABE1EC30057D655 /* Release */ = {
			isa = XCBuildConfiguration;
			buildSettings = {
				BUNDLE_LOADER = "$(TEST_HOST)";
				FRAMEWORK_SEARCH_PATHS = (
					"$(SDKROOT)/Developer/Library/Frameworks",
					"$(inherited)",
				);
				INFOPLIST_FILE = QueueUpTests/Info.plist;
				LD_RUNPATH_SEARCH_PATHS = "$(inherited) @executable_path/Frameworks @loader_path/Frameworks";
				PRODUCT_NAME = "$(TARGET_NAME)";
				TEST_HOST = "$(BUILT_PRODUCTS_DIR)/QueueUp.app/QueueUp";
			};
			name = Release;
		};
/* End XCBuildConfiguration section */

/* Begin XCConfigurationList section */
		813DF7981ABE1EC30057D655 /* Build configuration list for PBXProject "QueueUp" */ = {
			isa = XCConfigurationList;
			buildConfigurations = (
				813DF7BE1ABE1EC30057D655 /* Debug */,
				813DF7BF1ABE1EC30057D655 /* Release */,
			);
			defaultConfigurationIsVisible = 0;
			defaultConfigurationName = Release;
		};
		813DF7C01ABE1EC30057D655 /* Build configuration list for PBXNativeTarget "QueueUp" */ = {
			isa = XCConfigurationList;
			buildConfigurations = (
				813DF7C11ABE1EC30057D655 /* Debug */,
				813DF7C21ABE1EC30057D655 /* Release */,
			);
			defaultConfigurationIsVisible = 0;
			defaultConfigurationName = Release;
		};
		813DF7C31ABE1EC30057D655 /* Build configuration list for PBXNativeTarget "QueueUpTests" */ = {
			isa = XCConfigurationList;
			buildConfigurations = (
				813DF7C41ABE1EC30057D655 /* Debug */,
				813DF7C51ABE1EC30057D655 /* Release */,
			);
			defaultConfigurationIsVisible = 0;
			defaultConfigurationName = Release;
		};
/* End XCConfigurationList section */
	};
	rootObject = 813DF7951ABE1EC30057D655 /* Project object */;
}
