// !$*UTF8*$!
{
	archiveVersion = 1;
	classes = {
	};
	objectVersion = 46;
	objects = {

/* Begin PBXBuildFile section */
		811549761B31190800806049 /* PlayerViewController.m in Sources */ = {isa = PBXBuildFile; fileRef = 811549751B31190800806049 /* PlayerViewController.m */; };
		811549801B312D9F00806049 /* fontawesome-webfont.ttf in Resources */ = {isa = PBXBuildFile; fileRef = 816422C41B2924E700A8BFB8 /* fontawesome-webfont.ttf */; };
		811549811B312D9F00806049 /* Images.xcassets in Resources */ = {isa = PBXBuildFile; fileRef = 813DF7AD1ABE1EC30057D655 /* Images.xcassets */; };
		8115498C1B312E1A00806049 /* albumShade.png in Resources */ = {isa = PBXBuildFile; fileRef = 811549871B312E1900806049 /* albumShade.png */; };
		8115498D1B312E1A00806049 /* albumShade.xcf in Resources */ = {isa = PBXBuildFile; fileRef = 811549881B312E1900806049 /* albumShade.xcf */; };
		8115498E1B312E1A00806049 /* logo.png in Resources */ = {isa = PBXBuildFile; fileRef = 811549891B312E1900806049 /* logo.png */; };
		8115498F1B312E1A00806049 /* menu.png in Resources */ = {isa = PBXBuildFile; fileRef = 8115498A1B312E1900806049 /* menu.png */; };
		811549901B312E1A00806049 /* upvote.xcf in Resources */ = {isa = PBXBuildFile; fileRef = 8115498B1B312E1900806049 /* upvote.xcf */; };
		811549941B324E0500806049 /* SpotifyPlayer.m in Sources */ = {isa = PBXBuildFile; fileRef = 811549931B324E0500806049 /* SpotifyPlayer.m */; };
		811D52D11B1162E10029F4E3 /* SWRevealViewController.m in Sources */ = {isa = PBXBuildFile; fileRef = 811D52D01B1162E10029F4E3 /* SWRevealViewController.m */; };
		811D52D41B11631D0029F4E3 /* SidebarViewController.m in Sources */ = {isa = PBXBuildFile; fileRef = 811D52D31B11631D0029F4E3 /* SidebarViewController.m */; };
		813146881AC0572B002CBD2E /* ClientViewController.m in Sources */ = {isa = PBXBuildFile; fileRef = 813146871AC0572B002CBD2E /* ClientViewController.m */; };
		813DF7A31ABE1EC30057D655 /* main.m in Sources */ = {isa = PBXBuildFile; fileRef = 813DF7A21ABE1EC30057D655 /* main.m */; };
		813DF7A61ABE1EC30057D655 /* AppDelegate.m in Sources */ = {isa = PBXBuildFile; fileRef = 813DF7A51ABE1EC30057D655 /* AppDelegate.m */; };
		813DF7A91ABE1EC30057D655 /* HotPlaysViewController.m in Sources */ = {isa = PBXBuildFile; fileRef = 813DF7A81ABE1EC30057D655 /* HotPlaysViewController.m */; };
		813DF7AC1ABE1EC30057D655 /* Main.storyboard in Resources */ = {isa = PBXBuildFile; fileRef = 813DF7AA1ABE1EC30057D655 /* Main.storyboard */; };
		813DF7B11ABE1EC30057D655 /* LaunchScreen.xib in Resources */ = {isa = PBXBuildFile; fileRef = 813DF7AF1ABE1EC30057D655 /* LaunchScreen.xib */; };
		813DF7BD1ABE1EC30057D655 /* QueueUpTests.m in Sources */ = {isa = PBXBuildFile; fileRef = 813DF7BC1ABE1EC30057D655 /* QueueUpTests.m */; };
		8174AD671B1250CA00B1D846 /* LoginViewController.m in Sources */ = {isa = PBXBuildFile; fileRef = 8174AD661B1250CA00B1D846 /* LoginViewController.m */; };
		8174AD6B1B1257FD00B1D846 /* FBSDKCoreKit.framework in Frameworks */ = {isa = PBXBuildFile; fileRef = 8174AD681B1257FD00B1D846 /* FBSDKCoreKit.framework */; };
		8174AD6C1B1257FD00B1D846 /* FBSDKLoginKit.framework in Frameworks */ = {isa = PBXBuildFile; fileRef = 8174AD691B1257FD00B1D846 /* FBSDKLoginKit.framework */; };
		8174AD6D1B1257FD00B1D846 /* FBSDKShareKit.framework in Frameworks */ = {isa = PBXBuildFile; fileRef = 8174AD6A1B1257FD00B1D846 /* FBSDKShareKit.framework */; };
		8174AD6F1B128A5000B1D846 /* ServerAPI.m in Sources */ = {isa = PBXBuildFile; fileRef = 8174AD6E1B128A5000B1D846 /* ServerAPI.m */; };
		818ACD051ABF7C8A00E9C866 /* AVFoundation.framework in Frameworks */ = {isa = PBXBuildFile; fileRef = 818ACD041ABF7C8A00E9C866 /* AVFoundation.framework */; };
		819FF3A21B2DF61200DBF90D /* Spotify.framework in Frameworks */ = {isa = PBXBuildFile; fileRef = 819FF3A11B2DF61200DBF90D /* Spotify.framework */; };
		819FF3A51B2DF77600DBF90D /* SPTLoginViewController.m in Sources */ = {isa = PBXBuildFile; fileRef = 819FF3A41B2DF77600DBF90D /* SPTLoginViewController.m */; };
		81B92D631B5C5C1800DBAE44 /* AddTrackVC.m in Sources */ = {isa = PBXBuildFile; fileRef = 81B92D621B5C5C1800DBAE44 /* AddTrackVC.m */; };
		81DB7ACA1B292E1A00CFC1FD /* NSString+FontAwesome.m in Sources */ = {isa = PBXBuildFile; fileRef = 81DB7AC91B292E1A00CFC1FD /* NSString+FontAwesome.m */; };
		C447C89C09E2B19E4ADE193F /* libPods.a in Frameworks */ = {isa = PBXBuildFile; fileRef = 002EC3677A21B62D72379479 /* libPods.a */; };
/* End PBXBuildFile section */

/* Begin PBXContainerItemProxy section */
		813DF7B71ABE1EC30057D655 /* PBXContainerItemProxy */ = {
			isa = PBXContainerItemProxy;
			containerPortal = 813DF7951ABE1EC30057D655 /* Project object */;
			proxyType = 1;
			remoteGlobalIDString = 813DF79C1ABE1EC30057D655;
			remoteInfo = QueueUp;
		};
/* End PBXContainerItemProxy section */

/* Begin PBXFileReference section */
		002EC3677A21B62D72379479 /* libPods.a */ = {isa = PBXFileReference; explicitFileType = archive.ar; includeInIndex = 0; path = libPods.a; sourceTree = BUILT_PRODUCTS_DIR; };
		0547A9CC784B87D2C8D7C56D /* Pods.debug.xcconfig */ = {isa = PBXFileReference; includeInIndex = 1; lastKnownFileType = text.xcconfig; name = Pods.debug.xcconfig; path = "Pods/Target Support Files/Pods/Pods.debug.xcconfig"; sourceTree = "<group>"; };
		39C26FC7DC65F8A620FCEF5F /* Pods.release.xcconfig */ = {isa = PBXFileReference; includeInIndex = 1; lastKnownFileType = text.xcconfig; name = Pods.release.xcconfig; path = "Pods/Target Support Files/Pods/Pods.release.xcconfig"; sourceTree = "<group>"; };
		811549741B31190800806049 /* PlayerViewController.h */ = {isa = PBXFileReference; fileEncoding = 4; lastKnownFileType = sourcecode.c.h; path = PlayerViewController.h; sourceTree = "<group>"; };
		811549751B31190800806049 /* PlayerViewController.m */ = {isa = PBXFileReference; fileEncoding = 4; lastKnownFileType = sourcecode.c.objc; path = PlayerViewController.m; sourceTree = "<group>"; };
		811549871B312E1900806049 /* albumShade.png */ = {isa = PBXFileReference; lastKnownFileType = image.png; name = albumShade.png; path = Images/albumShade.png; sourceTree = "<group>"; };
		811549881B312E1900806049 /* albumShade.xcf */ = {isa = PBXFileReference; lastKnownFileType = file; name = albumShade.xcf; path = Images/albumShade.xcf; sourceTree = "<group>"; };
		811549891B312E1900806049 /* logo.png */ = {isa = PBXFileReference; lastKnownFileType = image.png; name = logo.png; path = Images/logo.png; sourceTree = "<group>"; };
		8115498A1B312E1900806049 /* menu.png */ = {isa = PBXFileReference; lastKnownFileType = image.png; name = menu.png; path = Images/menu.png; sourceTree = "<group>"; };
		8115498B1B312E1900806049 /* upvote.xcf */ = {isa = PBXFileReference; lastKnownFileType = file; name = upvote.xcf; path = Images/upvote.xcf; sourceTree = "<group>"; };
		811549911B312F8500806049 /* PlayerUIProtocol.h */ = {isa = PBXFileReference; lastKnownFileType = sourcecode.c.h; path = PlayerUIProtocol.h; sourceTree = "<group>"; };
		811549921B324E0500806049 /* SpotifyPlayer.h */ = {isa = PBXFileReference; fileEncoding = 4; lastKnownFileType = sourcecode.c.h; path = SpotifyPlayer.h; sourceTree = "<group>"; };
		811549931B324E0500806049 /* SpotifyPlayer.m */ = {isa = PBXFileReference; fileEncoding = 4; lastKnownFileType = sourcecode.c.objc; path = SpotifyPlayer.m; sourceTree = "<group>"; };
		811D52CF1B1162E10029F4E3 /* SWRevealViewController.h */ = {isa = PBXFileReference; fileEncoding = 4; lastKnownFileType = sourcecode.c.h; path = SWRevealViewController.h; sourceTree = "<group>"; };
		811D52D01B1162E10029F4E3 /* SWRevealViewController.m */ = {isa = PBXFileReference; fileEncoding = 4; lastKnownFileType = sourcecode.c.objc; path = SWRevealViewController.m; sourceTree = "<group>"; };
		811D52D21B11631D0029F4E3 /* SidebarViewController.h */ = {isa = PBXFileReference; fileEncoding = 4; lastKnownFileType = sourcecode.c.h; path = SidebarViewController.h; sourceTree = "<group>"; };
		811D52D31B11631D0029F4E3 /* SidebarViewController.m */ = {isa = PBXFileReference; fileEncoding = 4; lastKnownFileType = sourcecode.c.objc; path = SidebarViewController.m; sourceTree = "<group>"; };
		813146861AC0572B002CBD2E /* ClientViewController.h */ = {isa = PBXFileReference; fileEncoding = 4; lastKnownFileType = sourcecode.c.h; path = ClientViewController.h; sourceTree = "<group>"; };
		813146871AC0572B002CBD2E /* ClientViewController.m */ = {isa = PBXFileReference; fileEncoding = 4; lastKnownFileType = sourcecode.c.objc; path = ClientViewController.m; sourceTree = "<group>"; };
		813DF79D1ABE1EC30057D655 /* QueueUp.app */ = {isa = PBXFileReference; explicitFileType = wrapper.application; includeInIndex = 0; path = QueueUp.app; sourceTree = BUILT_PRODUCTS_DIR; };
		813DF7A11ABE1EC30057D655 /* Info.plist */ = {isa = PBXFileReference; lastKnownFileType = text.plist.xml; path = Info.plist; sourceTree = "<group>"; };
		813DF7A21ABE1EC30057D655 /* main.m */ = {isa = PBXFileReference; lastKnownFileType = sourcecode.c.objc; path = main.m; sourceTree = "<group>"; };
		813DF7A41ABE1EC30057D655 /* AppDelegate.h */ = {isa = PBXFileReference; lastKnownFileType = sourcecode.c.h; path = AppDelegate.h; sourceTree = "<group>"; };
		813DF7A51ABE1EC30057D655 /* AppDelegate.m */ = {isa = PBXFileReference; lastKnownFileType = sourcecode.c.objc; path = AppDelegate.m; sourceTree = "<group>"; };
		813DF7A71ABE1EC30057D655 /* HotPlaysViewController.h */ = {isa = PBXFileReference; lastKnownFileType = sourcecode.c.h; path = HotPlaysViewController.h; sourceTree = "<group>"; };
		813DF7A81ABE1EC30057D655 /* HotPlaysViewController.m */ = {isa = PBXFileReference; lastKnownFileType = sourcecode.c.objc; path = HotPlaysViewController.m; sourceTree = "<group>"; };
		813DF7AB1ABE1EC30057D655 /* Base */ = {isa = PBXFileReference; lastKnownFileType = file.storyboard; name = Base; path = Base.lproj/Main.storyboard; sourceTree = "<group>"; };
		813DF7AD1ABE1EC30057D655 /* Images.xcassets */ = {isa = PBXFileReference; lastKnownFileType = folder.assetcatalog; path = Images.xcassets; sourceTree = "<group>"; };
		813DF7B01ABE1EC30057D655 /* Base */ = {isa = PBXFileReference; lastKnownFileType = file.xib; name = Base; path = Base.lproj/LaunchScreen.xib; sourceTree = "<group>"; };
		813DF7B61ABE1EC30057D655 /* QueueUpTests.xctest */ = {isa = PBXFileReference; explicitFileType = wrapper.cfbundle; includeInIndex = 0; path = QueueUpTests.xctest; sourceTree = BUILT_PRODUCTS_DIR; };
		813DF7BB1ABE1EC30057D655 /* Info.plist */ = {isa = PBXFileReference; lastKnownFileType = text.plist.xml; path = Info.plist; sourceTree = "<group>"; };
		813DF7BC1ABE1EC30057D655 /* QueueUpTests.m */ = {isa = PBXFileReference; lastKnownFileType = sourcecode.c.objc; path = QueueUpTests.m; sourceTree = "<group>"; };
		816422C41B2924E700A8BFB8 /* fontawesome-webfont.ttf */ = {isa = PBXFileReference; lastKnownFileType = file; path = "fontawesome-webfont.ttf"; sourceTree = "<group>"; };
		8174AD651B1250CA00B1D846 /* LoginViewController.h */ = {isa = PBXFileReference; fileEncoding = 4; lastKnownFileType = sourcecode.c.h; path = LoginViewController.h; sourceTree = "<group>"; };
		8174AD661B1250CA00B1D846 /* LoginViewController.m */ = {isa = PBXFileReference; fileEncoding = 4; lastKnownFileType = sourcecode.c.objc; path = LoginViewController.m; sourceTree = "<group>"; };
		8174AD681B1257FD00B1D846 /* FBSDKCoreKit.framework */ = {isa = PBXFileReference; lastKnownFileType = wrapper.framework; name = FBSDKCoreKit.framework; path = ../../../../../Documents/FacebookSDK/FBSDKCoreKit.framework; sourceTree = "<group>"; };
		8174AD691B1257FD00B1D846 /* FBSDKLoginKit.framework */ = {isa = PBXFileReference; lastKnownFileType = wrapper.framework; name = FBSDKLoginKit.framework; path = ../../../../../Documents/FacebookSDK/FBSDKLoginKit.framework; sourceTree = "<group>"; };
		8174AD6A1B1257FD00B1D846 /* FBSDKShareKit.framework */ = {isa = PBXFileReference; lastKnownFileType = wrapper.framework; name = FBSDKShareKit.framework; path = ../../../../../Documents/FacebookSDK/FBSDKShareKit.framework; sourceTree = "<group>"; };
		8174AD6E1B128A5000B1D846 /* ServerAPI.m */ = {isa = PBXFileReference; fileEncoding = 4; lastKnownFileType = sourcecode.c.objc; path = ServerAPI.m; sourceTree = "<group>"; };
		8174AD701B128A6400B1D846 /* ServerAPI.h */ = {isa = PBXFileReference; lastKnownFileType = sourcecode.c.h; path = ServerAPI.h; sourceTree = "<group>"; };
		817F3E2F1AE350D8008E48B8 /* Config.h */ = {isa = PBXFileReference; lastKnownFileType = sourcecode.c.h; path = Config.h; sourceTree = "<group>"; };
		818ACD041ABF7C8A00E9C866 /* AVFoundation.framework */ = {isa = PBXFileReference; lastKnownFileType = wrapper.framework; name = AVFoundation.framework; path = System/Library/Frameworks/AVFoundation.framework; sourceTree = SDKROOT; };
		819FF3A11B2DF61200DBF90D /* Spotify.framework */ = {isa = PBXFileReference; lastKnownFileType = wrapper.framework; path = Spotify.framework; sourceTree = "<group>"; };
		819FF3A31B2DF77600DBF90D /* SPTLoginViewController.h */ = {isa = PBXFileReference; fileEncoding = 4; lastKnownFileType = sourcecode.c.h; path = SPTLoginViewController.h; sourceTree = "<group>"; };
		819FF3A41B2DF77600DBF90D /* SPTLoginViewController.m */ = {isa = PBXFileReference; fileEncoding = 4; lastKnownFileType = sourcecode.c.objc; path = SPTLoginViewController.m; sourceTree = "<group>"; };
		81B92D611B5C5C1800DBAE44 /* AddTrackVC.h */ = {isa = PBXFileReference; fileEncoding = 4; lastKnownFileType = sourcecode.c.h; path = AddTrackVC.h; sourceTree = "<group>"; };
		81B92D621B5C5C1800DBAE44 /* AddTrackVC.m */ = {isa = PBXFileReference; fileEncoding = 4; lastKnownFileType = sourcecode.c.objc; path = AddTrackVC.m; sourceTree = "<group>"; };
		81DB7AC81B292E1A00CFC1FD /* NSString+FontAwesome.h */ = {isa = PBXFileReference; fileEncoding = 4; lastKnownFileType = sourcecode.c.h; path = "NSString+FontAwesome.h"; sourceTree = "<group>"; };
		81DB7AC91B292E1A00CFC1FD /* NSString+FontAwesome.m */ = {isa = PBXFileReference; fileEncoding = 4; lastKnownFileType = sourcecode.c.objc; path = "NSString+FontAwesome.m"; sourceTree = "<group>"; };
/* End PBXFileReference section */

/* Begin PBXFrameworksBuildPhase section */
		813DF79A1ABE1EC30057D655 /* Frameworks */ = {
			isa = PBXFrameworksBuildPhase;
			buildActionMask = 2147483647;
			files = (
				818ACD051ABF7C8A00E9C866 /* AVFoundation.framework in Frameworks */,
				819FF3A21B2DF61200DBF90D /* Spotify.framework in Frameworks */,
				8174AD6B1B1257FD00B1D846 /* FBSDKCoreKit.framework in Frameworks */,
				8174AD6D1B1257FD00B1D846 /* FBSDKShareKit.framework in Frameworks */,
				8174AD6C1B1257FD00B1D846 /* FBSDKLoginKit.framework in Frameworks */,
				C447C89C09E2B19E4ADE193F /* libPods.a in Frameworks */,
			);
			runOnlyForDeploymentPostprocessing = 0;
		};
		813DF7B31ABE1EC30057D655 /* Frameworks */ = {
			isa = PBXFrameworksBuildPhase;
			buildActionMask = 2147483647;
			files = (
			);
			runOnlyForDeploymentPostprocessing = 0;
		};
/* End PBXFrameworksBuildPhase section */

/* Begin PBXGroup section */
		3AC6F9847CB79E0AB20A5B7C /* Frameworks */ = {
			isa = PBXGroup;
			children = (
				819FF3A11B2DF61200DBF90D /* Spotify.framework */,
				8174AD681B1257FD00B1D846 /* FBSDKCoreKit.framework */,
				8174AD691B1257FD00B1D846 /* FBSDKLoginKit.framework */,
				8174AD6A1B1257FD00B1D846 /* FBSDKShareKit.framework */,
				818ACD041ABF7C8A00E9C866 /* AVFoundation.framework */,
				002EC3677A21B62D72379479 /* libPods.a */,
			);
			name = Frameworks;
			sourceTree = "<group>";
		};
		7F6F15B4ECA184F1BEE0466D /* Pods */ = {
			isa = PBXGroup;
			children = (
				0547A9CC784B87D2C8D7C56D /* Pods.debug.xcconfig */,
				39C26FC7DC65F8A620FCEF5F /* Pods.release.xcconfig */,
			);
			name = Pods;
			sourceTree = "<group>";
		};
		811D52CB1B1162A30029F4E3 /* SWRevealViewController */ = {
			isa = PBXGroup;
			children = (
				811D52CF1B1162E10029F4E3 /* SWRevealViewController.h */,
				811D52D01B1162E10029F4E3 /* SWRevealViewController.m */,
			);
			name = SWRevealViewController;
			sourceTree = "<group>";
		};
		813DF7941ABE1EC30057D655 = {
			isa = PBXGroup;
			children = (
				813DF79F1ABE1EC30057D655 /* QueueUp */,
				813DF7A01ABE1EC30057D655 /* Supporting Files */,
				813DF7B91ABE1EC30057D655 /* QueueUpTests */,
				813DF79E1ABE1EC30057D655 /* Products */,
				7F6F15B4ECA184F1BEE0466D /* Pods */,
				3AC6F9847CB79E0AB20A5B7C /* Frameworks */,
				81DB7AC81B292E1A00CFC1FD /* NSString+FontAwesome.h */,
				81DB7AC91B292E1A00CFC1FD /* NSString+FontAwesome.m */,
				811D52CB1B1162A30029F4E3 /* SWRevealViewController */,
			);
			sourceTree = "<group>";
		};
		813DF79E1ABE1EC30057D655 /* Products */ = {
			isa = PBXGroup;
			children = (
				813DF79D1ABE1EC30057D655 /* QueueUp.app */,
				813DF7B61ABE1EC30057D655 /* QueueUpTests.xctest */,
			);
			name = Products;
			sourceTree = "<group>";
		};
		813DF79F1ABE1EC30057D655 /* QueueUp */ = {
			isa = PBXGroup;
			children = (
				813DF7AA1ABE1EC30057D655 /* Main.storyboard */,
				817F3E2F1AE350D8008E48B8 /* Config.h */,
				813DF7A41ABE1EC30057D655 /* AppDelegate.h */,
				813DF7A51ABE1EC30057D655 /* AppDelegate.m */,
				813DF7A71ABE1EC30057D655 /* HotPlaysViewController.h */,
				813DF7A81ABE1EC30057D655 /* HotPlaysViewController.m */,
				811D52D21B11631D0029F4E3 /* SidebarViewController.h */,
				811D52D31B11631D0029F4E3 /* SidebarViewController.m */,
				813146861AC0572B002CBD2E /* ClientViewController.h */,
				813146871AC0572B002CBD2E /* ClientViewController.m */,
				8174AD651B1250CA00B1D846 /* LoginViewController.h */,
				8174AD661B1250CA00B1D846 /* LoginViewController.m */,
				8174AD701B128A6400B1D846 /* ServerAPI.h */,
				8174AD6E1B128A5000B1D846 /* ServerAPI.m */,
				819FF3A31B2DF77600DBF90D /* SPTLoginViewController.h */,
				819FF3A41B2DF77600DBF90D /* SPTLoginViewController.m */,
				811549741B31190800806049 /* PlayerViewController.h */,
				811549751B31190800806049 /* PlayerViewController.m */,
				811549911B312F8500806049 /* PlayerUIProtocol.h */,
				811549921B324E0500806049 /* SpotifyPlayer.h */,
				811549931B324E0500806049 /* SpotifyPlayer.m */,
				81B92D611B5C5C1800DBAE44 /* AddTrackVC.h */,
				81B92D621B5C5C1800DBAE44 /* AddTrackVC.m */,
			);
			path = QueueUp;
			sourceTree = "<group>";
		};
		813DF7A01ABE1EC30057D655 /* Supporting Files */ = {
			isa = PBXGroup;
			children = (
				816422C41B2924E700A8BFB8 /* fontawesome-webfont.ttf */,
				813DF7AD1ABE1EC30057D655 /* Images.xcassets */,
				811549871B312E1900806049 /* albumShade.png */,
				811549881B312E1900806049 /* albumShade.xcf */,
				811549891B312E1900806049 /* logo.png */,
				8115498A1B312E1900806049 /* menu.png */,
				8115498B1B312E1900806049 /* upvote.xcf */,
				813DF7AF1ABE1EC30057D655 /* LaunchScreen.xib */,
				813DF7A11ABE1EC30057D655 /* Info.plist */,
				813DF7A21ABE1EC30057D655 /* main.m */,
			);
			name = "Supporting Files";
			path = QueueUp;
			sourceTree = "<group>";
		};
		813DF7B91ABE1EC30057D655 /* QueueUpTests */ = {
			isa = PBXGroup;
			children = (
				813DF7BC1ABE1EC30057D655 /* QueueUpTests.m */,
				813DF7BA1ABE1EC30057D655 /* Supporting Files */,
			);
			path = QueueUpTests;
			sourceTree = "<group>";
		};
		813DF7BA1ABE1EC30057D655 /* Supporting Files */ = {
			isa = PBXGroup;
			children = (
				813DF7BB1ABE1EC30057D655 /* Info.plist */,
			);
			name = "Supporting Files";
			sourceTree = "<group>";
		};
/* End PBXGroup section */

/* Begin PBXNativeTarget section */
		813DF79C1ABE1EC30057D655 /* QueueUp */ = {
			isa = PBXNativeTarget;
			buildConfigurationList = 813DF7C01ABE1EC30057D655 /* Build configuration list for PBXNativeTarget "QueueUp" */;
			buildPhases = (
				0B2C5CAD94F776E30EC69540 /* Check Pods Manifest.lock */,
				813DF7991ABE1EC30057D655 /* Sources */,
				813DF79A1ABE1EC30057D655 /* Frameworks */,
				813DF79B1ABE1EC30057D655 /* Resources */,
				3EF0D1AED4B7F299A49048BD /* Copy Pods Resources */,
			);
			buildRules = (
			);
			dependencies = (
			);
			name = QueueUp;
			productName = QueueUp;
			productReference = 813DF79D1ABE1EC30057D655 /* QueueUp.app */;
			productType = "com.apple.product-type.application";
		};
		813DF7B51ABE1EC30057D655 /* QueueUpTests */ = {
			isa = PBXNativeTarget;
			buildConfigurationList = 813DF7C31ABE1EC30057D655 /* Build configuration list for PBXNativeTarget "QueueUpTests" */;
			buildPhases = (
				813DF7B21ABE1EC30057D655 /* Sources */,
				813DF7B31ABE1EC30057D655 /* Frameworks */,
				813DF7B41ABE1EC30057D655 /* Resources */,
			);
			buildRules = (
			);
			dependencies = (
				813DF7B81ABE1EC30057D655 /* PBXTargetDependency */,
			);
			name = QueueUpTests;
			productName = QueueUpTests;
			productReference = 813DF7B61ABE1EC30057D655 /* QueueUpTests.xctest */;
			productType = "com.apple.product-type.bundle.unit-test";
		};
/* End PBXNativeTarget section */

/* Begin PBXProject section */
		813DF7951ABE1EC30057D655 /* Project object */ = {
			isa = PBXProject;
			attributes = {
				LastUpgradeCheck = 0620;
				ORGANIZATIONNAME = com.reynoldsJay;
				TargetAttributes = {
					813DF79C1ABE1EC30057D655 = {
						CreatedOnToolsVersion = 6.2;
						DevelopmentTeam = W8H925WLKF;
					};
					813DF7B51ABE1EC30057D655 = {
						CreatedOnToolsVersion = 6.2;
						TestTargetID = 813DF79C1ABE1EC30057D655;
					};
				};
			};
			buildConfigurationList = 813DF7981ABE1EC30057D655 /* Build configuration list for PBXProject "QueueUp" */;
			compatibilityVersion = "Xcode 3.2";
			developmentRegion = English;
			hasScannedForEncodings = 0;
			knownRegions = (
				en,
				Base,
			);
			mainGroup = 813DF7941ABE1EC30057D655;
			productRefGroup = 813DF79E1ABE1EC30057D655 /* Products */;
			projectDirPath = "";
			projectRoot = "";
			targets = (
				813DF79C1ABE1EC30057D655 /* QueueUp */,
				813DF7B51ABE1EC30057D655 /* QueueUpTests */,
			);
		};
/* End PBXProject section */

/* Begin PBXResourcesBuildPhase section */
		813DF79B1ABE1EC30057D655 /* Resources */ = {
			isa = PBXResourcesBuildPhase;
			buildActionMask = 2147483647;
			files = (
				811549801B312D9F00806049 /* fontawesome-webfont.ttf in Resources */,
				8115498D1B312E1A00806049 /* albumShade.xcf in Resources */,
				8115498F1B312E1A00806049 /* menu.png in Resources */,
				8115498C1B312E1A00806049 /* albumShade.png in Resources */,
				811549811B312D9F00806049 /* Images.xcassets in Resources */,
				8115498E1B312E1A00806049 /* logo.png in Resources */,
				813DF7AC1ABE1EC30057D655 /* Main.storyboard in Resources */,
				811549901B312E1A00806049 /* upvote.xcf in Resources */,
				813DF7B11ABE1EC30057D655 /* LaunchScreen.xib in Resources */,
			);
			runOnlyForDeploymentPostprocessing = 0;
		};
		813DF7B41ABE1EC30057D655 /* Resources */ = {
			isa = PBXResourcesBuildPhase;
			buildActionMask = 2147483647;
			files = (
			);
			runOnlyForDeploymentPostprocessing = 0;
		};
/* End PBXResourcesBuildPhase section */

/* Begin PBXShellScriptBuildPhase section */
		0B2C5CAD94F776E30EC69540 /* Check Pods Manifest.lock */ = {
			isa = PBXShellScriptBuildPhase;
			buildActionMask = 2147483647;
			files = (
			);
			inputPaths = (
			);
			name = "Check Pods Manifest.lock";
			outputPaths = (
			);
			runOnlyForDeploymentPostprocessing = 0;
			shellPath = /bin/sh;
			shellScript = "diff \"${PODS_ROOT}/../Podfile.lock\" \"${PODS_ROOT}/Manifest.lock\" > /dev/null\nif [[ $? != 0 ]] ; then\n    cat << EOM\nerror: The sandbox is not in sync with the Podfile.lock. Run 'pod install' or update your CocoaPods installation.\nEOM\n    exit 1\nfi\n";
			showEnvVarsInLog = 0;
		};
		3EF0D1AED4B7F299A49048BD /* Copy Pods Resources */ = {
			isa = PBXShellScriptBuildPhase;
			buildActionMask = 2147483647;
			files = (
			);
			inputPaths = (
			);
			name = "Copy Pods Resources";
			outputPaths = (
			);
			runOnlyForDeploymentPostprocessing = 0;
			shellPath = /bin/sh;
			shellScript = "\"${SRCROOT}/Pods/Target Support Files/Pods/Pods-resources.sh\"\n";
			showEnvVarsInLog = 0;
		};
/* End PBXShellScriptBuildPhase section */

/* Begin PBXSourcesBuildPhase section */
		813DF7991ABE1EC30057D655 /* Sources */ = {
			isa = PBXSourcesBuildPhase;
			buildActionMask = 2147483647;
			files = (
				8174AD671B1250CA00B1D846 /* LoginViewController.m in Sources */,
				813DF7A91ABE1EC30057D655 /* HotPlaysViewController.m in Sources */,
				81B92D631B5C5C1800DBAE44 /* AddTrackVC.m in Sources */,
				81DB7ACA1B292E1A00CFC1FD /* NSString+FontAwesome.m in Sources */,
				813DF7A61ABE1EC30057D655 /* AppDelegate.m in Sources */,
				813DF7A31ABE1EC30057D655 /* main.m in Sources */,
				811549941B324E0500806049 /* SpotifyPlayer.m in Sources */,
				8174AD6F1B128A5000B1D846 /* ServerAPI.m in Sources */,
				819FF3A51B2DF77600DBF90D /* SPTLoginViewController.m in Sources */,
				811D52D41B11631D0029F4E3 /* SidebarViewController.m in Sources */,
				813146881AC0572B002CBD2E /* ClientViewController.m in Sources */,
				811549761B31190800806049 /* PlayerViewController.m in Sources */,
				811D52D11B1162E10029F4E3 /* SWRevealViewController.m in Sources */,
			);
			runOnlyForDeploymentPostprocessing = 0;
		};
		813DF7B21ABE1EC30057D655 /* Sources */ = {
			isa = PBXSourcesBuildPhase;
			buildActionMask = 2147483647;
			files = (
				813DF7BD1ABE1EC30057D655 /* QueueUpTests.m in Sources */,
			);
			runOnlyForDeploymentPostprocessing = 0;
		};
/* End PBXSourcesBuildPhase section */

/* Begin PBXTargetDependency section */
		813DF7B81ABE1EC30057D655 /* PBXTargetDependency */ = {
			isa = PBXTargetDependency;
			target = 813DF79C1ABE1EC30057D655 /* QueueUp */;
			targetProxy = 813DF7B71ABE1EC30057D655 /* PBXContainerItemProxy */;
		};
/* End PBXTargetDependency section */

/* Begin PBXVariantGroup section */
		813DF7AA1ABE1EC30057D655 /* Main.storyboard */ = {
			isa = PBXVariantGroup;
			children = (
				813DF7AB1ABE1EC30057D655 /* Base */,
			);
			name = Main.storyboard;
			sourceTree = "<group>";
		};
		813DF7AF1ABE1EC30057D655 /* LaunchScreen.xib */ = {
			isa = PBXVariantGroup;
			children = (
				813DF7B01ABE1EC30057D655 /* Base */,
			);
			name = LaunchScreen.xib;
			sourceTree = "<group>";
		};
/* End PBXVariantGroup section */

/* Begin XCBuildConfiguration section */
		813DF7BE1ABE1EC30057D655 /* Debug */ = {
			isa = XCBuildConfiguration;
			buildSettings = {
				ALWAYS_SEARCH_USER_PATHS = NO;
				CLANG_CXX_LANGUAGE_STANDARD = "gnu++0x";
				CLANG_CXX_LIBRARY = "libc++";
				CLANG_ENABLE_MODULES = YES;
				CLANG_ENABLE_OBJC_ARC = YES;
				CLANG_WARN_BOOL_CONVERSION = YES;
				CLANG_WARN_CONSTANT_CONVERSION = YES;
				CLANG_WARN_DIRECT_OBJC_ISA_USAGE = YES_ERROR;
				CLANG_WARN_EMPTY_BODY = YES;
				CLANG_WARN_ENUM_CONVERSION = YES;
				CLANG_WARN_INT_CONVERSION = YES;
				CLANG_WARN_OBJC_ROOT_CLASS = YES_ERROR;
				CLANG_WARN_UNREACHABLE_CODE = YES;
				CLANG_WARN__DUPLICATE_METHOD_MATCH = YES;
				"CODE_SIGN_IDENTITY[sdk=iphoneos*]" = "iPhone Developer";
				COPY_PHASE_STRIP = NO;
				ENABLE_STRICT_OBJC_MSGSEND = YES;
				GCC_C_LANGUAGE_STANDARD = gnu99;
				GCC_DYNAMIC_NO_PIC = NO;
				GCC_OPTIMIZATION_LEVEL = 0;
				GCC_PREPROCESSOR_DEFINITIONS = (
					"DEBUG=1",
					"$(inherited)",
				);
				GCC_SYMBOLS_PRIVATE_EXTERN = NO;
				GCC_WARN_64_TO_32_BIT_CONVERSION = YES;
				GCC_WARN_ABOUT_RETURN_TYPE = YES_ERROR;
				GCC_WARN_UNDECLARED_SELECTOR = YES;
				GCC_WARN_UNINITIALIZED_AUTOS = YES_AGGRESSIVE;
				GCC_WARN_UNUSED_FUNCTION = YES;
				GCC_WARN_UNUSED_VARIABLE = YES;
				IPHONEOS_DEPLOYMENT_TARGET = 8.2;
				MTL_ENABLE_DEBUG_INFO = YES;
				ONLY_ACTIVE_ARCH = YES;
				SDKROOT = iphoneos;
			};
			name = Debug;
		};
		813DF7BF1ABE1EC30057D655 /* Release */ = {
			isa = XCBuildConfiguration;
			buildSettings = {
				ALWAYS_SEARCH_USER_PATHS = NO;
				CLANG_CXX_LANGUAGE_STANDARD = "gnu++0x";
				CLANG_CXX_LIBRARY = "libc++";
				CLANG_ENABLE_MODULES = YES;
				CLANG_ENABLE_OBJC_ARC = YES;
				CLANG_WARN_BOOL_CONVERSION = YES;
				CLANG_WARN_CONSTANT_CONVERSION = YES;
				CLANG_WARN_DIRECT_OBJC_ISA_USAGE = YES_ERROR;
				CLANG_WARN_EMPTY_BODY = YES;
				CLANG_WARN_ENUM_CONVERSION = YES;
				CLANG_WARN_INT_CONVERSION = YES;
				CLANG_WARN_OBJC_ROOT_CLASS = YES_ERROR;
				CLANG_WARN_UNREACHABLE_CODE = YES;
				CLANG_WARN__DUPLICATE_METHOD_MATCH = YES;
				"CODE_SIGN_IDENTITY[sdk=iphoneos*]" = "iPhone Developer";
				COPY_PHASE_STRIP = NO;
				ENABLE_NS_ASSERTIONS = NO;
				ENABLE_STRICT_OBJC_MSGSEND = YES;
				GCC_C_LANGUAGE_STANDARD = gnu99;
				GCC_WARN_64_TO_32_BIT_CONVERSION = YES;
				GCC_WARN_ABOUT_RETURN_TYPE = YES_ERROR;
				GCC_WARN_UNDECLARED_SELECTOR = YES;
				GCC_WARN_UNINITIALIZED_AUTOS = YES_AGGRESSIVE;
				GCC_WARN_UNUSED_FUNCTION = YES;
				GCC_WARN_UNUSED_VARIABLE = YES;
				IPHONEOS_DEPLOYMENT_TARGET = 8.2;
				MTL_ENABLE_DEBUG_INFO = NO;
				SDKROOT = iphoneos;
				VALIDATE_PRODUCT = YES;
			};
			name = Release;
		};
		813DF7C11ABE1EC30057D655 /* Debug */ = {
			isa = XCBuildConfiguration;
			baseConfigurationReference = 0547A9CC784B87D2C8D7C56D /* Pods.debug.xcconfig */;
			buildSettings = {
				ASSETCATALOG_COMPILER_APPICON_NAME = AppIcon;
				ASSETCATALOG_COMPILER_LAUNCHIMAGE_NAME = LaunchImage;
				CODE_SIGN_IDENTITY = "iPhone Developer";
				FRAMEWORK_SEARCH_PATHS = (
					"$(inherited)",
					"$(PROJECT_DIR)",
					/Documents/FacebookSDK,
				);
				INFOPLIST_FILE = QueueUp/Info.plist;
				IPHONEOS_DEPLOYMENT_TARGET = 8.3;
				LD_RUNPATH_SEARCH_PATHS = "$(inherited) @executable_path/Frameworks";
				PRODUCT_NAME = "$(TARGET_NAME)";
			};
			name = Debug;
		};
		813DF7C21ABE1EC30057D655 /* Release */ = {
			isa = XCBuildConfiguration;
			baseConfigurationReference = 39C26FC7DC65F8A620FCEF5F /* Pods.release.xcconfig */;
			buildSettings = {
				ASSETCATALOG_COMPILER_APPICON_NAME = AppIcon;
				ASSETCATALOG_COMPILER_LAUNCHIMAGE_NAME = LaunchImage;
				CODE_SIGN_IDENTITY = "iPhone Developer";
				FRAMEWORK_SEARCH_PATHS = (
					"$(inherited)",
					"$(PROJECT_DIR)",
					/Documents/FacebookSDK,
				);
				INFOPLIST_FILE = QueueUp/Info.plist;
				IPHONEOS_DEPLOYMENT_TARGET = 8.3;
				LD_RUNPATH_SEARCH_PATHS = "$(inherited) @executable_path/Frameworks";
				PRODUCT_NAME = "$(TARGET_NAME)";
			};
			name = Release;
		};
		813DF7C41ABE1EC30057D655 /* Debug */ = {
			isa = XCBuildConfiguration;
			buildSettings = {
				BUNDLE_LOADER = "$(TEST_HOST)";
				FRAMEWORK_SEARCH_PATHS = (
					"$(SDKROOT)/Developer/Library/Frameworks",
					"$(inherited)",
				);
				GCC_PREPROCESSOR_DEFINITIONS = (
					"DEBUG=1",
					"$(inherited)",
				);
				INFOPLIST_FILE = QueueUpTests/Info.plist;
				LD_RUNPATH_SEARCH_PATHS = "$(inherited) @executable_path/Frameworks @loader_path/Frameworks";
				PRODUCT_NAME = "$(TARGET_NAME)";
				TEST_HOST = "$(BUILT_PRODUCTS_DIR)/QueueUp.app/QueueUp";
			};
			name = Debug;
		};
		813DF7C51ABE1EC30057D655 /* Release */ = {
			isa = XCBuildConfiguration;
			buildSettings = {
				BUNDLE_LOADER = "$(TEST_HOST)";
				FRAMEWORK_SEARCH_PATHS = (
					"$(SDKROOT)/Developer/Library/Frameworks",
					"$(inherited)",
				);
				INFOPLIST_FILE = QueueUpTests/Info.plist;
				LD_RUNPATH_SEARCH_PATHS = "$(inherited) @executable_path/Frameworks @loader_path/Frameworks";
				PRODUCT_NAME = "$(TARGET_NAME)";
				TEST_HOST = "$(BUILT_PRODUCTS_DIR)/QueueUp.app/QueueUp";
			};
			name = Release;
		};
/* End XCBuildConfiguration section */

/* Begin XCConfigurationList section */
		813DF7981ABE1EC30057D655 /* Build configuration list for PBXProject "QueueUp" */ = {
			isa = XCConfigurationList;
			buildConfigurations = (
				813DF7BE1ABE1EC30057D655 /* Debug */,
				813DF7BF1ABE1EC30057D655 /* Release */,
			);
			defaultConfigurationIsVisible = 0;
			defaultConfigurationName = Release;
		};
		813DF7C01ABE1EC30057D655 /* Build configuration list for PBXNativeTarget "QueueUp" */ = {
			isa = XCConfigurationList;
			buildConfigurations = (
				813DF7C11ABE1EC30057D655 /* Debug */,
				813DF7C21ABE1EC30057D655 /* Release */,
			);
			defaultConfigurationIsVisible = 0;
			defaultConfigurationName = Release;
		};
		813DF7C31ABE1EC30057D655 /* Build configuration list for PBXNativeTarget "QueueUpTests" */ = {
			isa = XCConfigurationList;
			buildConfigurations = (
				813DF7C41ABE1EC30057D655 /* Debug */,
				813DF7C51ABE1EC30057D655 /* Release */,
			);
			defaultConfigurationIsVisible = 0;
			defaultConfigurationName = Release;
		};
/* End XCConfigurationList section */
	};
	rootObject = 813DF7951ABE1EC30057D655 /* Project object */;
}
